
Microsoft Visual Studio Solution File, Format Version 12.00
# Visual Studio Version 17
VisualStudioVersion = 17.8.34330.188
MinimumVisualStudioVersion = 10.0.40219.1
Project("{FAE04EC0-301F-11D3-BF4B-00C04F79EFBC}") = "WPFIdentity", "WPFIdentity.csproj", "{B53328D8-9330-4A1D-97D7-D3FC81133447}"
EndProject
Global
	GlobalSection(SolutionConfigurationPlatforms) = preSolution
		Debug|Any CPU = Debug|Any CPU
		Release|Any CPU = Release|Any CPU
	EndGlobalSection
	GlobalSection(ProjectConfigurationPlatforms) = postSolution
		{B53328D8-9330-4A1D-97D7-D3FC81133447}.Debug|Any CPU.ActiveCfg = Debug|Any CPU
		{B53328D8-9330-4A1D-97D7-D3FC81133447}.Debug|Any CPU.Build.0 = Debug|Any CPU
		{B53328D8-9330-4A1D-97D7-D3FC81133447}.Release|Any CPU.ActiveCfg = Release|Any CPU
		{B53328D8-9330-4A1D-97D7-D3FC81133447}.Release|Any CPU.Build.0 = Release|Any CPU
	EndGlobalSection
	GlobalSection(SolutionProperties) = preSolution
		HideSolutionNode = FALSE
	EndGlobalSection
	GlobalSection(ExtensibilityGlobals) = postSolution
		SolutionGuid = {030F2164-4CE4-4E5D-A2F1-E3618A2EF6E5}
	EndGlobalSection
EndGlobal
